
Microsoft Visual Studio Solution File, Format Version 12.00
# Visual Studio 15
VisualStudioVersion = 15.0.28307.539
MinimumVisualStudioVersion = 10.0.40219.1
Project("{FAE04EC0-301F-11D3-BF4B-00C04F79EFBC}") = "BindingsUndValidation", "BindingsUndValidation\BindingsUndValidation.csproj", "{440E1726-3674-48C7-B5F1-DBCF3E11ECC5}"
EndProject
Global
	GlobalSection(SolutionConfigurationPlatforms) = preSolution
		Debug|Any CPU = Debug|Any CPU
		Release|Any CPU = Release|Any CPU
	EndGlobalSection
	GlobalSection(ProjectConfigurationPlatforms) = postSolution
		{440E1726-3674-48C7-B5F1-DBCF3E11ECC5}.Debug|Any CPU.ActiveCfg = Debug|Any CPU
		{440E1726-3674-48C7-B5F1-DBCF3E11ECC5}.Debug|Any CPU.Build.0 = Debug|Any CPU
		{440E1726-3674-48C7-B5F1-DBCF3E11ECC5}.Release|Any CPU.ActiveCfg = Release|Any CPU
		{440E1726-3674-48C7-B5F1-DBCF3E11ECC5}.Release|Any CPU.Build.0 = Release|Any CPU
	EndGlobalSection
	GlobalSection(SolutionProperties) = preSolution
		HideSolutionNode = FALSE
	EndGlobalSection
	GlobalSection(ExtensibilityGlobals) = postSolution
		SolutionGuid = {0215C8D4-9875-4B71-BC7C-9371F537603B}
	EndGlobalSection
EndGlobal
