
Microsoft Visual Studio Solution File, Format Version 12.00
# Visual Studio 15
VisualStudioVersion = 15.0.28307.539
MinimumVisualStudioVersion = 10.0.40219.1
Project("{FAE04EC0-301F-11D3-BF4B-00C04F79EFBC}") = "ErweiterungsmethodenUndOperatorüberladung", "ErweiterungsmethodenUndOperatorüberladung\ErweiterungsmethodenUndOperatorüberladung.csproj", "{D43060A6-EF0C-4AAD-A7FF-64A643C02CA3}"
EndProject
Global
	GlobalSection(SolutionConfigurationPlatforms) = preSolution
		Debug|Any CPU = Debug|Any CPU
		Release|Any CPU = Release|Any CPU
	EndGlobalSection
	GlobalSection(ProjectConfigurationPlatforms) = postSolution
		{D43060A6-EF0C-4AAD-A7FF-64A643C02CA3}.Debug|Any CPU.ActiveCfg = Debug|Any CPU
		{D43060A6-EF0C-4AAD-A7FF-64A643C02CA3}.Debug|Any CPU.Build.0 = Debug|Any CPU
		{D43060A6-EF0C-4AAD-A7FF-64A643C02CA3}.Release|Any CPU.ActiveCfg = Release|Any CPU
		{D43060A6-EF0C-4AAD-A7FF-64A643C02CA3}.Release|Any CPU.Build.0 = Release|Any CPU
	EndGlobalSection
	GlobalSection(SolutionProperties) = preSolution
		HideSolutionNode = FALSE
	EndGlobalSection
	GlobalSection(ExtensibilityGlobals) = postSolution
		SolutionGuid = {5DC75783-CA2E-4E96-B75C-81036CBA0226}
	EndGlobalSection
EndGlobal
