
Microsoft Visual Studio Solution File, Format Version 12.00
# Visual Studio 15
VisualStudioVersion = 15.0.28307.539
MinimumVisualStudioVersion = 10.0.40219.1
Project("{FAE04EC0-301F-11D3-BF4B-00C04F79EFBC}") = "SOLID_Taschenrechner", "SOLID_Taschenrechner\SOLID_Taschenrechner.csproj", "{7720B1AA-44D4-4497-841C-D32140C5F04B}"
EndProject
Project("{2150E333-8FDC-42A3-9474-1A3956D46DE8}") = "Model", "Model", "{C8C56EE8-34AD-42D7-A82E-CA0B455865EC}"
EndProject
Project("{FAE04EC0-301F-11D3-BF4B-00C04F79EFBC}") = "SOLID_Taschenrechner.Model", "SOLID_Taschenrechner.Model\SOLID_Taschenrechner.Model.csproj", "{58F9F17D-02F7-4175-AF0E-716AD3089E3F}"
EndProject
Project("{2150E333-8FDC-42A3-9474-1A3956D46DE8}") = "Logik", "Logik", "{95EBCD31-54AF-485D-9E23-F13A4349925D}"
EndProject
Project("{FAE04EC0-301F-11D3-BF4B-00C04F79EFBC}") = "SOLID_Taschenrechner.Logik", "SOLID_Taschenrechner.Logik\SOLID_Taschenrechner.Logik.csproj", "{A8624EBB-B49C-4A58-871E-F865883433D5}"
EndProject
Project("{FAE04EC0-301F-11D3-BF4B-00C04F79EFBC}") = "SOLID_Taschenrechner.FreeFeatures", "SOLID_Taschenrechner.FreeFeatures\SOLID_Taschenrechner.FreeFeatures.csproj", "{A33020E2-AEB8-472C-9E2C-F7CDF53C1A0C}"
EndProject
Project("{2150E333-8FDC-42A3-9474-1A3956D46DE8}") = "UI", "UI", "{91710536-F557-4640-84F8-63C7BF6D764C}"
EndProject
Global
	GlobalSection(SolutionConfigurationPlatforms) = preSolution
		Debug|Any CPU = Debug|Any CPU
		Release|Any CPU = Release|Any CPU
	EndGlobalSection
	GlobalSection(ProjectConfigurationPlatforms) = postSolution
		{7720B1AA-44D4-4497-841C-D32140C5F04B}.Debug|Any CPU.ActiveCfg = Debug|Any CPU
		{7720B1AA-44D4-4497-841C-D32140C5F04B}.Debug|Any CPU.Build.0 = Debug|Any CPU
		{7720B1AA-44D4-4497-841C-D32140C5F04B}.Release|Any CPU.ActiveCfg = Release|Any CPU
		{7720B1AA-44D4-4497-841C-D32140C5F04B}.Release|Any CPU.Build.0 = Release|Any CPU
		{58F9F17D-02F7-4175-AF0E-716AD3089E3F}.Debug|Any CPU.ActiveCfg = Debug|Any CPU
		{58F9F17D-02F7-4175-AF0E-716AD3089E3F}.Debug|Any CPU.Build.0 = Debug|Any CPU
		{58F9F17D-02F7-4175-AF0E-716AD3089E3F}.Release|Any CPU.ActiveCfg = Release|Any CPU
		{58F9F17D-02F7-4175-AF0E-716AD3089E3F}.Release|Any CPU.Build.0 = Release|Any CPU
		{A8624EBB-B49C-4A58-871E-F865883433D5}.Debug|Any CPU.ActiveCfg = Debug|Any CPU
		{A8624EBB-B49C-4A58-871E-F865883433D5}.Debug|Any CPU.Build.0 = Debug|Any CPU
		{A8624EBB-B49C-4A58-871E-F865883433D5}.Release|Any CPU.ActiveCfg = Release|Any CPU
		{A8624EBB-B49C-4A58-871E-F865883433D5}.Release|Any CPU.Build.0 = Release|Any CPU
		{A33020E2-AEB8-472C-9E2C-F7CDF53C1A0C}.Debug|Any CPU.ActiveCfg = Debug|Any CPU
		{A33020E2-AEB8-472C-9E2C-F7CDF53C1A0C}.Debug|Any CPU.Build.0 = Debug|Any CPU
		{A33020E2-AEB8-472C-9E2C-F7CDF53C1A0C}.Release|Any CPU.ActiveCfg = Release|Any CPU
		{A33020E2-AEB8-472C-9E2C-F7CDF53C1A0C}.Release|Any CPU.Build.0 = Release|Any CPU
	EndGlobalSection
	GlobalSection(SolutionProperties) = preSolution
		HideSolutionNode = FALSE
	EndGlobalSection
	GlobalSection(NestedProjects) = preSolution
		{7720B1AA-44D4-4497-841C-D32140C5F04B} = {91710536-F557-4640-84F8-63C7BF6D764C}
		{58F9F17D-02F7-4175-AF0E-716AD3089E3F} = {C8C56EE8-34AD-42D7-A82E-CA0B455865EC}
		{A8624EBB-B49C-4A58-871E-F865883433D5} = {95EBCD31-54AF-485D-9E23-F13A4349925D}
		{A33020E2-AEB8-472C-9E2C-F7CDF53C1A0C} = {95EBCD31-54AF-485D-9E23-F13A4349925D}
	EndGlobalSection
	GlobalSection(ExtensibilityGlobals) = postSolution
		SolutionGuid = {0628B60F-6009-4ECE-A4B4-9317E42A8B30}
	EndGlobalSection
EndGlobal
